// !$*UTF8*$!
{
	archiveVersion = 1;
	classes = {
	};
	objectVersion = 51;
	objects = {

/* Begin PBXBuildFile section */
		AFB46F0A240D919E00B22913 /* Default-568h@2x.png in Resources */ = {isa = PBXBuildFile; fileRef = AFB46F09240D919E00B22913 /* Default-568h@2x.png */; };
		AFC2F643240D9454003504BC /* Extensions.swift in Sources */ = {isa = PBXBuildFile; fileRef = AFC2F642240D9454003504BC /* Extensions.swift */; };
		AFD92BC4240D8C6D00E505BA /* AppDelegate.swift in Sources */ = {isa = PBXBuildFile; fileRef = AFD92BC3240D8C6D00E505BA /* AppDelegate.swift */; };
		AFD92BC8240D8C6D00E505BA /* MasterViewController.swift in Sources */ = {isa = PBXBuildFile; fileRef = AFD92BC7240D8C6D00E505BA /* MasterViewController.swift */; };
		AFD92BCB240D8C6D00E505BA /* Main.storyboard in Resources */ = {isa = PBXBuildFile; fileRef = AFD92BC9240D8C6D00E505BA /* Main.storyboard */; };
		AFD92BCD240D8C7100E505BA /* Assets.xcassets in Resources */ = {isa = PBXBuildFile; fileRef = AFD92BCC240D8C7100E505BA /* Assets.xcassets */; };
		AFD92BD0240D8C7100E505BA /* LaunchScreen.storyboard in Resources */ = {isa = PBXBuildFile; fileRef = AFD92BCE240D8C7100E505BA /* LaunchScreen.storyboard */; };
		AFD92BDB240D8C7100E505BA /* BookStore_CarlosNetoTests.swift in Sources */ = {isa = PBXBuildFile; fileRef = AFD92BDA240D8C7100E505BA /* BookStore_CarlosNetoTests.swift */; };
		AFD92BE6240D8C7100E505BA /* BookStore_CarlosNetoUITests.swift in Sources */ = {isa = PBXBuildFile; fileRef = AFD92BE5240D8C7100E505BA /* BookStore_CarlosNetoUITests.swift */; };
		AFD92BF8240D8D5A00E505BA /* DetailViewController.swift in Sources */ = {isa = PBXBuildFile; fileRef = AFD92BF7240D8D5A00E505BA /* DetailViewController.swift */; };
		AFD92BFA240D8D9600E505BA /* BookTableViewCell.swift in Sources */ = {isa = PBXBuildFile; fileRef = AFD92BF9240D8D9600E505BA /* BookTableViewCell.swift */; };
		AFD92BFC240D8DBE00E505BA /* BookVolumes.swift in Sources */ = {isa = PBXBuildFile; fileRef = AFD92BFB240D8DBE00E505BA /* BookVolumes.swift */; };
		AFD92BFE240D8DD600E505BA /* AccessInfo.swift in Sources */ = {isa = PBXBuildFile; fileRef = AFD92BFD240D8DD600E505BA /* AccessInfo.swift */; };
		AFD92C00240D8E0100E505BA /* Epub.swift in Sources */ = {isa = PBXBuildFile; fileRef = AFD92BFF240D8E0100E505BA /* Epub.swift */; };
		AFD92C02240D8E1400E505BA /* ImageLinks.swift in Sources */ = {isa = PBXBuildFile; fileRef = AFD92C01240D8E1400E505BA /* ImageLinks.swift */; };
		AFD92C04240D8E2F00E505BA /* IndustryIdentifiers.swift in Sources */ = {isa = PBXBuildFile; fileRef = AFD92C03240D8E2F00E505BA /* IndustryIdentifiers.swift */; };
		AFD92C06240D8E4500E505BA /* Item.swift in Sources */ = {isa = PBXBuildFile; fileRef = AFD92C05240D8E4500E505BA /* Item.swift */; };
		AFD92C08240D8E7200E505BA /* PanelizationSummary.swift in Sources */ = {isa = PBXBuildFile; fileRef = AFD92C07240D8E7200E505BA /* PanelizationSummary.swift */; };
		AFD92C0A240D8E8300E505BA /* ListPrice.swift in Sources */ = {isa = PBXBuildFile; fileRef = AFD92C09240D8E8300E505BA /* ListPrice.swift */; };
		AFD92C0C240D8E9B00E505BA /* Pdf.swift in Sources */ = {isa = PBXBuildFile; fileRef = AFD92C0B240D8E9B00E505BA /* Pdf.swift */; };
		AFD92C0E240D8EAD00E505BA /* ReadingModes.swift in Sources */ = {isa = PBXBuildFile; fileRef = AFD92C0D240D8EAD00E505BA /* ReadingModes.swift */; };
		AFD92C10240D8EC600E505BA /* SaleInfo.swift in Sources */ = {isa = PBXBuildFile; fileRef = AFD92C0F240D8EC600E505BA /* SaleInfo.swift */; };
		AFD92C12240D8ED900E505BA /* SearchInfo.swift in Sources */ = {isa = PBXBuildFile; fileRef = AFD92C11240D8ED900E505BA /* SearchInfo.swift */; };
		AFD92C14240D8EE900E505BA /* VolumeInfo.swift in Sources */ = {isa = PBXBuildFile; fileRef = AFD92C13240D8EE900E505BA /* VolumeInfo.swift */; };
/* End PBXBuildFile section */

/* Begin PBXContainerItemProxy section */
		AFD92BD7240D8C7100E505BA /* PBXContainerItemProxy */ = {
			isa = PBXContainerItemProxy;
			containerPortal = AFD92BB8240D8C6D00E505BA /* Project object */;
			proxyType = 1;
			remoteGlobalIDString = AFD92BBF240D8C6D00E505BA;
			remoteInfo = BookStore_CarlosNeto;
		};
		AFD92BE2240D8C7100E505BA /* PBXContainerItemProxy */ = {
			isa = PBXContainerItemProxy;
			containerPortal = AFD92BB8240D8C6D00E505BA /* Project object */;
			proxyType = 1;
			remoteGlobalIDString = AFD92BBF240D8C6D00E505BA;
			remoteInfo = BookStore_CarlosNeto;
		};
/* End PBXContainerItemProxy section */

/* Begin PBXFileReference section */
		AFB46F09240D919E00B22913 /* Default-568h@2x.png */ = {isa = PBXFileReference; lastKnownFileType = image.png; path = "Default-568h@2x.png"; sourceTree = "<group>"; };
		AFC2F642240D9454003504BC /* Extensions.swift */ = {isa = PBXFileReference; lastKnownFileType = sourcecode.swift; path = Extensions.swift; sourceTree = "<group>"; };
		AFD92BC0240D8C6D00E505BA /* BookStore_CarlosNeto.app */ = {isa = PBXFileReference; explicitFileType = wrapper.application; includeInIndex = 0; path = BookStore_CarlosNeto.app; sourceTree = BUILT_PRODUCTS_DIR; };
		AFD92BC3240D8C6D00E505BA /* AppDelegate.swift */ = {isa = PBXFileReference; lastKnownFileType = sourcecode.swift; path = AppDelegate.swift; sourceTree = "<group>"; };
		AFD92BC7240D8C6D00E505BA /* MasterViewController.swift */ = {isa = PBXFileReference; lastKnownFileType = sourcecode.swift; path = MasterViewController.swift; sourceTree = "<group>"; };
		AFD92BCA240D8C6D00E505BA /* Base */ = {isa = PBXFileReference; lastKnownFileType = file.storyboard; name = Base; path = Base.lproj/Main.storyboard; sourceTree = "<group>"; };
		AFD92BCC240D8C7100E505BA /* Assets.xcassets */ = {isa = PBXFileReference; lastKnownFileType = folder.assetcatalog; path = Assets.xcassets; sourceTree = "<group>"; };
		AFD92BCF240D8C7100E505BA /* Base */ = {isa = PBXFileReference; lastKnownFileType = file.storyboard; name = Base; path = Base.lproj/LaunchScreen.storyboard; sourceTree = "<group>"; };
		AFD92BD1240D8C7100E505BA /* Info.plist */ = {isa = PBXFileReference; lastKnownFileType = text.plist.xml; path = Info.plist; sourceTree = "<group>"; };
		AFD92BD6240D8C7100E505BA /* BookStore_CarlosNetoTests.xctest */ = {isa = PBXFileReference; explicitFileType = wrapper.cfbundle; includeInIndex = 0; path = BookStore_CarlosNetoTests.xctest; sourceTree = BUILT_PRODUCTS_DIR; };
		AFD92BDA240D8C7100E505BA /* BookStore_CarlosNetoTests.swift */ = {isa = PBXFileReference; lastKnownFileType = sourcecode.swift; path = BookStore_CarlosNetoTests.swift; sourceTree = "<group>"; };
		AFD92BDC240D8C7100E505BA /* Info.plist */ = {isa = PBXFileReference; lastKnownFileType = text.plist.xml; path = Info.plist; sourceTree = "<group>"; };
		AFD92BE1240D8C7100E505BA /* BookStore_CarlosNetoUITests.xctest */ = {isa = PBXFileReference; explicitFileType = wrapper.cfbundle; includeInIndex = 0; path = BookStore_CarlosNetoUITests.xctest; sourceTree = BUILT_PRODUCTS_DIR; };
		AFD92BE5240D8C7100E505BA /* BookStore_CarlosNetoUITests.swift */ = {isa = PBXFileReference; lastKnownFileType = sourcecode.swift; path = BookStore_CarlosNetoUITests.swift; sourceTree = "<group>"; };
		AFD92BE7240D8C7100E505BA /* Info.plist */ = {isa = PBXFileReference; lastKnownFileType = text.plist.xml; path = Info.plist; sourceTree = "<group>"; };
		AFD92BF7240D8D5A00E505BA /* DetailViewController.swift */ = {isa = PBXFileReference; lastKnownFileType = sourcecode.swift; path = DetailViewController.swift; sourceTree = "<group>"; };
		AFD92BF9240D8D9600E505BA /* BookTableViewCell.swift */ = {isa = PBXFileReference; lastKnownFileType = sourcecode.swift; path = BookTableViewCell.swift; sourceTree = "<group>"; };
		AFD92BFB240D8DBE00E505BA /* BookVolumes.swift */ = {isa = PBXFileReference; lastKnownFileType = sourcecode.swift; path = BookVolumes.swift; sourceTree = "<group>"; };
		AFD92BFD240D8DD600E505BA /* AccessInfo.swift */ = {isa = PBXFileReference; lastKnownFileType = sourcecode.swift; path = AccessInfo.swift; sourceTree = "<group>"; };
		AFD92BFF240D8E0100E505BA /* Epub.swift */ = {isa = PBXFileReference; lastKnownFileType = sourcecode.swift; path = Epub.swift; sourceTree = "<group>"; };
		AFD92C01240D8E1400E505BA /* ImageLinks.swift */ = {isa = PBXFileReference; lastKnownFileType = sourcecode.swift; path = ImageLinks.swift; sourceTree = "<group>"; };
		AFD92C03240D8E2F00E505BA /* IndustryIdentifiers.swift */ = {isa = PBXFileReference; lastKnownFileType = sourcecode.swift; path = IndustryIdentifiers.swift; sourceTree = "<group>"; };
		AFD92C05240D8E4500E505BA /* Item.swift */ = {isa = PBXFileReference; lastKnownFileType = sourcecode.swift; path = Item.swift; sourceTree = "<group>"; };
		AFD92C07240D8E7200E505BA /* PanelizationSummary.swift */ = {isa = PBXFileReference; lastKnownFileType = sourcecode.swift; path = PanelizationSummary.swift; sourceTree = "<group>"; };
		AFD92C09240D8E8300E505BA /* ListPrice.swift */ = {isa = PBXFileReference; lastKnownFileType = sourcecode.swift; path = ListPrice.swift; sourceTree = "<group>"; };
		AFD92C0B240D8E9B00E505BA /* Pdf.swift */ = {isa = PBXFileReference; lastKnownFileType = sourcecode.swift; path = Pdf.swift; sourceTree = "<group>"; };
		AFD92C0D240D8EAD00E505BA /* ReadingModes.swift */ = {isa = PBXFileReference; lastKnownFileType = sourcecode.swift; path = ReadingModes.swift; sourceTree = "<group>"; };
		AFD92C0F240D8EC600E505BA /* SaleInfo.swift */ = {isa = PBXFileReference; lastKnownFileType = sourcecode.swift; path = SaleInfo.swift; sourceTree = "<group>"; };
		AFD92C11240D8ED900E505BA /* SearchInfo.swift */ = {isa = PBXFileReference; lastKnownFileType = sourcecode.swift; path = SearchInfo.swift; sourceTree = "<group>"; };
		AFD92C13240D8EE900E505BA /* VolumeInfo.swift */ = {isa = PBXFileReference; lastKnownFileType = sourcecode.swift; path = VolumeInfo.swift; sourceTree = "<group>"; };
/* End PBXFileReference section */

/* Begin PBXFrameworksBuildPhase section */
		AFD92BBD240D8C6D00E505BA /* Frameworks */ = {
			isa = PBXFrameworksBuildPhase;
			buildActionMask = 2147483647;
			files = (
			);
			runOnlyForDeploymentPostprocessing = 0;
		};
		AFD92BD3240D8C7100E505BA /* Frameworks */ = {
			isa = PBXFrameworksBuildPhase;
			buildActionMask = 2147483647;
			files = (
			);
			runOnlyForDeploymentPostprocessing = 0;
		};
		AFD92BDE240D8C7100E505BA /* Frameworks */ = {
			isa = PBXFrameworksBuildPhase;
			buildActionMask = 2147483647;
			files = (
			);
			runOnlyForDeploymentPostprocessing = 0;
		};
/* End PBXFrameworksBuildPhase section */

/* Begin PBXGroup section */
		781DB0A207042CF231BD4EAF /* Pods */ = {
			isa = PBXGroup;
			children = (
			);
			path = Pods;
			sourceTree = "<group>";
		};
		AFD92BB7240D8C6D00E505BA = {
			isa = PBXGroup;
			children = (
				AFD92BC2240D8C6D00E505BA /* BookStore_CarlosNeto */,
				AFD92BD9240D8C7100E505BA /* BookStore_CarlosNetoTests */,
				AFD92BE4240D8C7100E505BA /* BookStore_CarlosNetoUITests */,
				AFD92BC1240D8C6D00E505BA /* Products */,
				781DB0A207042CF231BD4EAF /* Pods */,
			);
			sourceTree = "<group>";
		};
		AFD92BC1240D8C6D00E505BA /* Products */ = {
			isa = PBXGroup;
			children = (
				AFD92BC0240D8C6D00E505BA /* BookStore_CarlosNeto.app */,
				AFD92BD6240D8C7100E505BA /* BookStore_CarlosNetoTests.xctest */,
				AFD92BE1240D8C7100E505BA /* BookStore_CarlosNetoUITests.xctest */,
			);
			name = Products;
			sourceTree = "<group>";
		};
		AFD92BC2240D8C6D00E505BA /* BookStore_CarlosNeto */ = {
			isa = PBXGroup;
			children = (
				AFD92BF3240D8CBA00E505BA /* View */,
				AFD92BF4240D8CD200E505BA /* Controller */,
				AFD92BF5240D8CE200E505BA /* Model */,
				AFD92BF6240D8D1500E505BA /* SupportingFiles */,
			);
			path = BookStore_CarlosNeto;
			sourceTree = "<group>";
		};
		AFD92BD9240D8C7100E505BA /* BookStore_CarlosNetoTests */ = {
			isa = PBXGroup;
			children = (
				AFD92BDA240D8C7100E505BA /* BookStore_CarlosNetoTests.swift */,
				AFD92BDC240D8C7100E505BA /* Info.plist */,
			);
			path = BookStore_CarlosNetoTests;
			sourceTree = "<group>";
		};
		AFD92BE4240D8C7100E505BA /* BookStore_CarlosNetoUITests */ = {
			isa = PBXGroup;
			children = (
				AFD92BE5240D8C7100E505BA /* BookStore_CarlosNetoUITests.swift */,
				AFD92BE7240D8C7100E505BA /* Info.plist */,
			);
			path = BookStore_CarlosNetoUITests;
			sourceTree = "<group>";
		};
		AFD92BF3240D8CBA00E505BA /* View */ = {
			isa = PBXGroup;
			children = (
				AFD92BC9240D8C6D00E505BA /* Main.storyboard */,
				AFD92BF9240D8D9600E505BA /* BookTableViewCell.swift */,
			);
			path = View;
			sourceTree = "<group>";
		};
		AFD92BF4240D8CD200E505BA /* Controller */ = {
			isa = PBXGroup;
			children = (
				AFD92BC7240D8C6D00E505BA /* MasterViewController.swift */,
				AFD92BF7240D8D5A00E505BA /* DetailViewController.swift */,
			);
			path = Controller;
			sourceTree = "<group>";
		};
		AFD92BF5240D8CE200E505BA /* Model */ = {
			isa = PBXGroup;
			children = (
				AFD92BFB240D8DBE00E505BA /* BookVolumes.swift */,
				AFD92BFD240D8DD600E505BA /* AccessInfo.swift */,
				AFD92BFF240D8E0100E505BA /* Epub.swift */,
				AFD92C01240D8E1400E505BA /* ImageLinks.swift */,
				AFD92C03240D8E2F00E505BA /* IndustryIdentifiers.swift */,
				AFD92C05240D8E4500E505BA /* Item.swift */,
				AFD92C07240D8E7200E505BA /* PanelizationSummary.swift */,
				AFD92C09240D8E8300E505BA /* ListPrice.swift */,
				AFD92C0B240D8E9B00E505BA /* Pdf.swift */,
				AFD92C0D240D8EAD00E505BA /* ReadingModes.swift */,
				AFD92C0F240D8EC600E505BA /* SaleInfo.swift */,
				AFD92C11240D8ED900E505BA /* SearchInfo.swift */,
				AFD92C13240D8EE900E505BA /* VolumeInfo.swift */,
			);
			path = Model;
			sourceTree = "<group>";
		};
		AFD92BF6240D8D1500E505BA /* SupportingFiles */ = {
			isa = PBXGroup;
			children = (
				AFD92BD1240D8C7100E505BA /* Info.plist */,
				AFB46F09240D919E00B22913 /* Default-568h@2x.png */,
				AFD92BCE240D8C7100E505BA /* LaunchScreen.storyboard */,
				AFD92BCC240D8C7100E505BA /* Assets.xcassets */,
				AFD92BC3240D8C6D00E505BA /* AppDelegate.swift */,
				AFC2F642240D9454003504BC /* Extensions.swift */,
			);
			path = SupportingFiles;
			sourceTree = "<group>";
		};
/* End PBXGroup section */

/* Begin PBXNativeTarget section */
		AFD92BBF240D8C6D00E505BA /* BookStore_CarlosNeto */ = {
			isa = PBXNativeTarget;
			buildConfigurationList = AFD92BEA240D8C7100E505BA /* Build configuration list for PBXNativeTarget "BookStore_CarlosNeto" */;
			buildPhases = (
				AFD92BBC240D8C6D00E505BA /* Sources */,
				AFD92BBD240D8C6D00E505BA /* Frameworks */,
				AFD92BBE240D8C6D00E505BA /* Resources */,
			);
			buildRules = (
			);
			dependencies = (
			);
			name = BookStore_CarlosNeto;
			productName = BookStore_CarlosNeto;
			productReference = AFD92BC0240D8C6D00E505BA /* BookStore_CarlosNeto.app */;
			productType = "com.apple.product-type.application";
		};
		AFD92BD5240D8C7100E505BA /* BookStore_CarlosNetoTests */ = {
			isa = PBXNativeTarget;
			buildConfigurationList = AFD92BED240D8C7100E505BA /* Build configuration list for PBXNativeTarget "BookStore_CarlosNetoTests" */;
			buildPhases = (
				AFD92BD2240D8C7100E505BA /* Sources */,
				AFD92BD3240D8C7100E505BA /* Frameworks */,
				AFD92BD4240D8C7100E505BA /* Resources */,
			);
			buildRules = (
			);
			dependencies = (
				AFD92BD8240D8C7100E505BA /* PBXTargetDependency */,
			);
			name = BookStore_CarlosNetoTests;
			productName = BookStore_CarlosNetoTests;
			productReference = AFD92BD6240D8C7100E505BA /* BookStore_CarlosNetoTests.xctest */;
			productType = "com.apple.product-type.bundle.unit-test";
		};
		AFD92BE0240D8C7100E505BA /* BookStore_CarlosNetoUITests */ = {
			isa = PBXNativeTarget;
			buildConfigurationList = AFD92BF0240D8C7100E505BA /* Build configuration list for PBXNativeTarget "BookStore_CarlosNetoUITests" */;
			buildPhases = (
				AFD92BDD240D8C7100E505BA /* Sources */,
				AFD92BDE240D8C7100E505BA /* Frameworks */,
				AFD92BDF240D8C7100E505BA /* Resources */,
			);
			buildRules = (
			);
			dependencies = (
				AFD92BE3240D8C7100E505BA /* PBXTargetDependency */,
			);
			name = BookStore_CarlosNetoUITests;
			productName = BookStore_CarlosNetoUITests;
			productReference = AFD92BE1240D8C7100E505BA /* BookStore_CarlosNetoUITests.xctest */;
			productType = "com.apple.product-type.bundle.ui-testing";
		};
/* End PBXNativeTarget section */

/* Begin PBXProject section */
		AFD92BB8240D8C6D00E505BA /* Project object */ = {
			isa = PBXProject;
			attributes = {
				LastSwiftUpdateCheck = 1130;
				LastUpgradeCheck = 1130;
				ORGANIZATIONNAME = "Carlos Neto";
				TargetAttributes = {
					AFD92BBF240D8C6D00E505BA = {
						CreatedOnToolsVersion = 11.3.1;
					};
					AFD92BD5240D8C7100E505BA = {
						CreatedOnToolsVersion = 11.3.1;
						TestTargetID = AFD92BBF240D8C6D00E505BA;
					};
					AFD92BE0240D8C7100E505BA = {
						CreatedOnToolsVersion = 11.3.1;
						TestTargetID = AFD92BBF240D8C6D00E505BA;
					};
				};
			};
			buildConfigurationList = AFD92BBB240D8C6D00E505BA /* Build configuration list for PBXProject "BookStore_CarlosNeto" */;
			compatibilityVersion = "Xcode 9.3";
			developmentRegion = en;
			hasScannedForEncodings = 0;
			knownRegions = (
				en,
				Base,
			);
			mainGroup = AFD92BB7240D8C6D00E505BA;
			productRefGroup = AFD92BC1240D8C6D00E505BA /* Products */;
			projectDirPath = "";
			projectRoot = "";
			targets = (
				AFD92BBF240D8C6D00E505BA /* BookStore_CarlosNeto */,
				AFD92BD5240D8C7100E505BA /* BookStore_CarlosNetoTests */,
				AFD92BE0240D8C7100E505BA /* BookStore_CarlosNetoUITests */,
			);
		};
/* End PBXProject section */

/* Begin PBXResourcesBuildPhase section */
		AFD92BBE240D8C6D00E505BA /* Resources */ = {
			isa = PBXResourcesBuildPhase;
			buildActionMask = 2147483647;
			files = (
				AFD92BD0240D8C7100E505BA /* LaunchScreen.storyboard in Resources */,
				AFB46F0A240D919E00B22913 /* Default-568h@2x.png in Resources */,
				AFD92BCD240D8C7100E505BA /* Assets.xcassets in Resources */,
				AFD92BCB240D8C6D00E505BA /* Main.storyboard in Resources */,
			);
			runOnlyForDeploymentPostprocessing = 0;
		};
		AFD92BD4240D8C7100E505BA /* Resources */ = {
			isa = PBXResourcesBuildPhase;
			buildActionMask = 2147483647;
			files = (
			);
			runOnlyForDeploymentPostprocessing = 0;
		};
		AFD92BDF240D8C7100E505BA /* Resources */ = {
			isa = PBXResourcesBuildPhase;
			buildActionMask = 2147483647;
			files = (
			);
			runOnlyForDeploymentPostprocessing = 0;
		};
/* End PBXResourcesBuildPhase section */

/* Begin PBXSourcesBuildPhase section */
		AFD92BBC240D8C6D00E505BA /* Sources */ = {
			isa = PBXSourcesBuildPhase;
			buildActionMask = 2147483647;
			files = (
				AFD92BFC240D8DBE00E505BA /* BookVolumes.swift in Sources */,
				AFC2F643240D9454003504BC /* Extensions.swift in Sources */,
				AFD92C00240D8E0100E505BA /* Epub.swift in Sources */,
				AFD92BC8240D8C6D00E505BA /* MasterViewController.swift in Sources */,
				AFD92BC4240D8C6D00E505BA /* AppDelegate.swift in Sources */,
				AFD92C08240D8E7200E505BA /* PanelizationSummary.swift in Sources */,
				AFD92C04240D8E2F00E505BA /* IndustryIdentifiers.swift in Sources */,
				AFD92BFE240D8DD600E505BA /* AccessInfo.swift in Sources */,
				AFD92C0A240D8E8300E505BA /* ListPrice.swift in Sources */,
				AFD92C06240D8E4500E505BA /* Item.swift in Sources */,
				AFD92C0E240D8EAD00E505BA /* ReadingModes.swift in Sources */,
				AFD92C10240D8EC600E505BA /* SaleInfo.swift in Sources */,
				AFD92C14240D8EE900E505BA /* VolumeInfo.swift in Sources */,
				AFD92C12240D8ED900E505BA /* SearchInfo.swift in Sources */,
				AFD92C0C240D8E9B00E505BA /* Pdf.swift in Sources */,
				AFD92C02240D8E1400E505BA /* ImageLinks.swift in Sources */,
				AFD92BFA240D8D9600E505BA /* BookTableViewCell.swift in Sources */,
				AFD92BF8240D8D5A00E505BA /* DetailViewController.swift in Sources */,
			);
			runOnlyForDeploymentPostprocessing = 0;
		};
		AFD92BD2240D8C7100E505BA /* Sources */ = {
			isa = PBXSourcesBuildPhase;
			buildActionMask = 2147483647;
			files = (
				AFD92BDB240D8C7100E505BA /* BookStore_CarlosNetoTests.swift in Sources */,
			);
			runOnlyForDeploymentPostprocessing = 0;
		};
		AFD92BDD240D8C7100E505BA /* Sources */ = {
			isa = PBXSourcesBuildPhase;
			buildActionMask = 2147483647;
			files = (
				AFD92BE6240D8C7100E505BA /* BookStore_CarlosNetoUITests.swift in Sources */,
			);
			runOnlyForDeploymentPostprocessing = 0;
		};
/* End PBXSourcesBuildPhase section */

/* Begin PBXTargetDependency section */
		AFD92BD8240D8C7100E505BA /* PBXTargetDependency */ = {
			isa = PBXTargetDependency;
			target = AFD92BBF240D8C6D00E505BA /* BookStore_CarlosNeto */;
			targetProxy = AFD92BD7240D8C7100E505BA /* PBXContainerItemProxy */;
		};
		AFD92BE3240D8C7100E505BA /* PBXTargetDependency */ = {
			isa = PBXTargetDependency;
			target = AFD92BBF240D8C6D00E505BA /* BookStore_CarlosNeto */;
			targetProxy = AFD92BE2240D8C7100E505BA /* PBXContainerItemProxy */;
		};
/* End PBXTargetDependency section */

/* Begin PBXVariantGroup section */
		AFD92BC9240D8C6D00E505BA /* Main.storyboard */ = {
			isa = PBXVariantGroup;
			children = (
				AFD92BCA240D8C6D00E505BA /* Base */,
			);
			name = Main.storyboard;
			sourceTree = "<group>";
		};
		AFD92BCE240D8C7100E505BA /* LaunchScreen.storyboard */ = {
			isa = PBXVariantGroup;
			children = (
				AFD92BCF240D8C7100E505BA /* Base */,
			);
			name = LaunchScreen.storyboard;
			sourceTree = "<group>";
		};
/* End PBXVariantGroup section */

/* Begin XCBuildConfiguration section */
		AFD92BE9240D8C7100E505BA /* Release */ = {
			isa = XCBuildConfiguration;
			buildSettings = {
				ALWAYS_SEARCH_USER_PATHS = NO;
				CLANG_ANALYZER_NONNULL = YES;
				CLANG_ANALYZER_NUMBER_OBJECT_CONVERSION = YES_AGGRESSIVE;
				CLANG_CXX_LANGUAGE_STANDARD = "gnu++14";
				CLANG_CXX_LIBRARY = "libc++";
				CLANG_ENABLE_MODULES = YES;
				CLANG_ENABLE_OBJC_ARC = YES;
				CLANG_ENABLE_OBJC_WEAK = YES;
				CLANG_WARN_BLOCK_CAPTURE_AUTORELEASING = YES;
				CLANG_WARN_BOOL_CONVERSION = YES;
				CLANG_WARN_COMMA = YES;
				CLANG_WARN_CONSTANT_CONVERSION = YES;
				CLANG_WARN_DEPRECATED_OBJC_IMPLEMENTATIONS = YES;
				CLANG_WARN_DIRECT_OBJC_ISA_USAGE = YES_ERROR;
				CLANG_WARN_DOCUMENTATION_COMMENTS = YES;
				CLANG_WARN_EMPTY_BODY = YES;
				CLANG_WARN_ENUM_CONVERSION = YES;
				CLANG_WARN_INFINITE_RECURSION = YES;
				CLANG_WARN_INT_CONVERSION = YES;
				CLANG_WARN_NON_LITERAL_NULL_CONVERSION = YES;
				CLANG_WARN_OBJC_IMPLICIT_RETAIN_SELF = YES;
				CLANG_WARN_OBJC_LITERAL_CONVERSION = YES;
				CLANG_WARN_OBJC_ROOT_CLASS = YES_ERROR;
				CLANG_WARN_RANGE_LOOP_ANALYSIS = YES;
				CLANG_WARN_STRICT_PROTOTYPES = YES;
				CLANG_WARN_SUSPICIOUS_MOVE = YES;
				CLANG_WARN_UNGUARDED_AVAILABILITY = YES_AGGRESSIVE;
				CLANG_WARN_UNREACHABLE_CODE = YES;
				CLANG_WARN__DUPLICATE_METHOD_MATCH = YES;
				COPY_PHASE_STRIP = NO;
				DEBUG_INFORMATION_FORMAT = "dwarf-with-dsym";
				ENABLE_NS_ASSERTIONS = NO;
				ENABLE_STRICT_OBJC_MSGSEND = YES;
				GCC_C_LANGUAGE_STANDARD = gnu11;
				GCC_NO_COMMON_BLOCKS = YES;
				GCC_WARN_64_TO_32_BIT_CONVERSION = YES;
				GCC_WARN_ABOUT_RETURN_TYPE = YES_ERROR;
				GCC_WARN_UNDECLARED_SELECTOR = YES;
				GCC_WARN_UNINITIALIZED_AUTOS = YES_AGGRESSIVE;
				GCC_WARN_UNUSED_FUNCTION = YES;
				GCC_WARN_UNUSED_VARIABLE = YES;
				IPHONEOS_DEPLOYMENT_TARGET = 13.2;
				MTL_ENABLE_DEBUG_INFO = NO;
				MTL_FAST_MATH = YES;
				SDKROOT = iphoneos;
				SWIFT_COMPILATION_MODE = wholemodule;
				SWIFT_OPTIMIZATION_LEVEL = "-O";
				VALIDATE_PRODUCT = YES;
			};
			name = Release;
		};
		AFD92BEC240D8C7100E505BA /* Release */ = {
			isa = XCBuildConfiguration;
			buildSettings = {
				ASSETCATALOG_COMPILER_APPICON_NAME = AppIcon;
				CODE_SIGN_STYLE = Automatic;
				DEVELOPMENT_TEAM = 3Q75G44A33;
				INFOPLIST_FILE = "$(SRCROOT)/BookStore_CarlosNeto/SupportingFiles/Info.plist";
				LD_RUNPATH_SEARCH_PATHS = (
					"$(inherited)",
					"@executable_path/Frameworks",
				);
				MTL_ENABLE_DEBUG_INFO = YES;
				PRODUCT_BUNDLE_IDENTIFIER = "pt.carlneto.BookStore-CarlosNeto";
				PRODUCT_NAME = "$(TARGET_NAME)";
				SWIFT_VERSION = 5.0;
				TARGETED_DEVICE_FAMILY = "1,2";
			};
			name = Release;
		};
		AFD92BEF240D8C7100E505BA /* Release */ = {
			isa = XCBuildConfiguration;
			buildSettings = {
				ALWAYS_EMBED_SWIFT_STANDARD_LIBRARIES = YES;
				BUNDLE_LOADER = "$(TEST_HOST)";
				CODE_SIGN_STYLE = Automatic;
				DEVELOPMENT_TEAM = 3Q75G44A33;
				INFOPLIST_FILE = BookStore_CarlosNetoTests/Info.plist;
				IPHONEOS_DEPLOYMENT_TARGET = 13.2;
				LD_RUNPATH_SEARCH_PATHS = (
					"$(inherited)",
					"@executable_path/Frameworks",
					"@loader_path/Frameworks",
				);
				PRODUCT_BUNDLE_IDENTIFIER = "pt.carlneto.BookStore-CarlosNetoTests";
				PRODUCT_NAME = "$(TARGET_NAME)";
				SWIFT_VERSION = 5.0;
				TARGETED_DEVICE_FAMILY = "1,2";
				TEST_HOST = "$(BUILT_PRODUCTS_DIR)/BookStore_CarlosNeto.app/BookStore_CarlosNeto";
			};
			name = Release;
		};
		AFD92BF2240D8C7100E505BA /* Release */ = {
			isa = XCBuildConfiguration;
			buildSettings = {
				ALWAYS_EMBED_SWIFT_STANDARD_LIBRARIES = YES;
				CODE_SIGN_STYLE = Automatic;
				DEVELOPMENT_TEAM = 3Q75G44A33;
				INFOPLIST_FILE = BookStore_CarlosNetoUITests/Info.plist;
				LD_RUNPATH_SEARCH_PATHS = (
					"$(inherited)",
					"@executable_path/Frameworks",
					"@loader_path/Frameworks",
				);
				PRODUCT_BUNDLE_IDENTIFIER = "pt.carlneto.BookStore-CarlosNetoUITests";
				PRODUCT_NAME = "$(TARGET_NAME)";
				SWIFT_VERSION = 5.0;
				TARGETED_DEVICE_FAMILY = "1,2";
				TEST_TARGET_NAME = BookStore_CarlosNeto;
			};
			name = Release;
		};
/* End XCBuildConfiguration section */

/* Begin XCConfigurationList section */
		AFD92BBB240D8C6D00E505BA /* Build configuration list for PBXProject "BookStore_CarlosNeto" */ = {
			isa = XCConfigurationList;
			buildConfigurations = (
				AFD92BE9240D8C7100E505BA /* Release */,
			);
			defaultConfigurationIsVisible = 0;
			defaultConfigurationName = Release;
		};
		AFD92BEA240D8C7100E505BA /* Build configuration list for PBXNativeTarget "BookStore_CarlosNeto" */ = {
			isa = XCConfigurationList;
			buildConfigurations = (
				AFD92BEC240D8C7100E505BA /* Release */,
			);
			defaultConfigurationIsVisible = 0;
			defaultConfigurationName = Release;
		};
		AFD92BED240D8C7100E505BA /* Build configuration list for PBXNativeTarget "BookStore_CarlosNetoTests" */ = {
			isa = XCConfigurationList;
			buildConfigurations = (
				AFD92BEF240D8C7100E505BA /* Release */,
			);
			defaultConfigurationIsVisible = 0;
			defaultConfigurationName = Release;
		};
		AFD92BF0240D8C7100E505BA /* Build configuration list for PBXNativeTarget "BookStore_CarlosNetoUITests" */ = {
			isa = XCConfigurationList;
			buildConfigurations = (
				AFD92BF2240D8C7100E505BA /* Release */,
			);
			defaultConfigurationIsVisible = 0;
			defaultConfigurationName = Release;
		};
/* End XCConfigurationList section */
	};
	rootObject = AFD92BB8240D8C6D00E505BA /* Project object */;
}
